
Microsoft Visual Studio Solution File, Format Version 12.00
# Visual Studio 15
VisualStudioVersion = 15.0.28307.539
MinimumVisualStudioVersion = 10.0.40219.1
Project("{FAE04EC0-301F-11D3-BF4B-00C04F79EFBC}") = "gameoflive2", "gameoflive2\gameoflive2.csproj", "{5AAFE6AA-00BA-430D-9427-A6AD624287AE}"
EndProject
Global
	GlobalSection(SolutionConfigurationPlatforms) = preSolution
		Debug|Any CPU = Debug|Any CPU
		Release|Any CPU = Release|Any CPU
	EndGlobalSection
	GlobalSection(ProjectConfigurationPlatforms) = postSolution
		{5AAFE6AA-00BA-430D-9427-A6AD624287AE}.Debug|Any CPU.ActiveCfg = Debug|Any CPU
		{5AAFE6AA-00BA-430D-9427-A6AD624287AE}.Debug|Any CPU.Build.0 = Debug|Any CPU
		{5AAFE6AA-00BA-430D-9427-A6AD624287AE}.Release|Any CPU.ActiveCfg = Release|Any CPU
		{5AAFE6AA-00BA-430D-9427-A6AD624287AE}.Release|Any CPU.Build.0 = Release|Any CPU
	EndGlobalSection
	GlobalSection(SolutionProperties) = preSolution
		HideSolutionNode = FALSE
	EndGlobalSection
	GlobalSection(ExtensibilityGlobals) = postSolution
		SolutionGuid = {D8D2315E-6450-4524-A81D-ED3D6176C989}
	EndGlobalSection
EndGlobal
